// !$*UTF8*$!
{
	archiveVersion = 1;
	classes = {
	};
	objectVersion = 50;
	objects = {

/* Begin PBXBuildFile section */
		ACAC28F023497B60008BDC35 /* AppDelegate.swift in Sources */ = {isa = PBXBuildFile; fileRef = ACAC28EF23497B60008BDC35 /* AppDelegate.swift */; };
		ACAC28F223497B60008BDC35 /* SceneDelegate.swift in Sources */ = {isa = PBXBuildFile; fileRef = ACAC28F123497B60008BDC35 /* SceneDelegate.swift */; };
		ACAC28F423497B60008BDC35 /* ViewController.swift in Sources */ = {isa = PBXBuildFile; fileRef = ACAC28F323497B60008BDC35 /* ViewController.swift */; };
		ACAC28F723497B60008BDC35 /* Main.storyboard in Resources */ = {isa = PBXBuildFile; fileRef = ACAC28F523497B60008BDC35 /* Main.storyboard */; };
		ACAC28F923497B61008BDC35 /* Assets.xcassets in Resources */ = {isa = PBXBuildFile; fileRef = ACAC28F823497B61008BDC35 /* Assets.xcassets */; };
		ACAC28FC23497B61008BDC35 /* LaunchScreen.storyboard in Resources */ = {isa = PBXBuildFile; fileRef = ACAC28FA23497B61008BDC35 /* LaunchScreen.storyboard */; };
/* End PBXBuildFile section */

/* Begin PBXFileReference section */
		ACAC28EC23497B60008BDC35 /* Internet Browser.app */ = {isa = PBXFileReference; explicitFileType = wrapper.application; includeInIndex = 0; path = "Internet Browser.app"; sourceTree = BUILT_PRODUCTS_DIR; };
		ACAC28EF23497B60008BDC35 /* AppDelegate.swift */ = {isa = PBXFileReference; lastKnownFileType = sourcecode.swift; path = AppDelegate.swift; sourceTree = "<group>"; };
		ACAC28F123497B60008BDC35 /* SceneDelegate.swift */ = {isa = PBXFileReference; lastKnownFileType = sourcecode.swift; path = SceneDelegate.swift; sourceTree = "<group>"; };
		ACAC28F323497B60008BDC35 /* ViewController.swift */ = {isa = PBXFileReference; lastKnownFileType = sourcecode.swift; path = ViewController.swift; sourceTree = "<group>"; };
		ACAC28F623497B60008BDC35 /* Base */ = {isa = PBXFileReference; lastKnownFileType = file.storyboard; name = Base; path = Base.lproj/Main.storyboard; sourceTree = "<group>"; };
		ACAC28F823497B61008BDC35 /* Assets.xcassets */ = {isa = PBXFileReference; lastKnownFileType = folder.assetcatalog; path = Assets.xcassets; sourceTree = "<group>"; };
		ACAC28FB23497B61008BDC35 /* Base */ = {isa = PBXFileReference; lastKnownFileType = file.storyboard; name = Base; path = Base.lproj/LaunchScreen.storyboard; sourceTree = "<group>"; };
		ACAC28FD23497B61008BDC35 /* Info.plist */ = {isa = PBXFileReference; lastKnownFileType = text.plist.xml; path = Info.plist; sourceTree = "<group>"; };
/* End PBXFileReference section */

/* Begin PBXFrameworksBuildPhase section */
		ACAC28E923497B60008BDC35 /* Frameworks */ = {
			isa = PBXFrameworksBuildPhase;
			buildActionMask = 2147483647;
			files = (
			);
			runOnlyForDeploymentPostprocessing = 0;
		};
/* End PBXFrameworksBuildPhase section */

/* Begin PBXGroup section */
		ACAC28E323497B60008BDC35 = {
			isa = PBXGroup;
			children = (
				ACAC28EE23497B60008BDC35 /* Internet Browser */,
				ACAC28ED23497B60008BDC35 /* Products */,
			);
			sourceTree = "<group>";
		};
		ACAC28ED23497B60008BDC35 /* Products */ = {
			isa = PBXGroup;
			children = (
				ACAC28EC23497B60008BDC35 /* Internet Browser.app */,
			);
			name = Products;
			sourceTree = "<group>";
		};
		ACAC28EE23497B60008BDC35 /* Internet Browser */ = {
			isa = PBXGroup;
			children = (
				ACAC28EF23497B60008BDC35 /* AppDelegate.swift */,
				ACAC28F123497B60008BDC35 /* SceneDelegate.swift */,
				ACAC28F323497B60008BDC35 /* ViewController.swift */,
				ACAC28F523497B60008BDC35 /* Main.storyboard */,
				ACAC28F823497B61008BDC35 /* Assets.xcassets */,
				ACAC28FA23497B61008BDC35 /* LaunchScreen.storyboard */,
				ACAC28FD23497B61008BDC35 /* Info.plist */,
			);
			path = "Internet Browser";
			sourceTree = "<group>";
		};
/* End PBXGroup section */

/* Begin PBXNativeTarget section */
		ACAC28EB23497B60008BDC35 /* Internet Browser */ = {
			isa = PBXNativeTarget;
			buildConfigurationList = ACAC290023497B61008BDC35 /* Build configuration list for PBXNativeTarget "Internet Browser" */;
			buildPhases = (
				ACAC28E823497B60008BDC35 /* Sources */,
				ACAC28E923497B60008BDC35 /* Frameworks */,
				ACAC28EA23497B60008BDC35 /* Resources */,
			);
			buildRules = (
			);
			dependencies = (
			);
			name = "Internet Browser";
			productName = "Internet Browser";
			productReference = ACAC28EC23497B60008BDC35 /* Internet Browser.app */;
			productType = "com.apple.product-type.application";
		};
/* End PBXNativeTarget section */

/* Begin PBXProject section */
		ACAC28E423497B60008BDC35 /* Project object */ = {
			isa = PBXProject;
			attributes = {
				LastSwiftUpdateCheck = 1100;
				LastUpgradeCheck = 1100;
				ORGANIZATIONNAME = "Digital Mirko";
				TargetAttributes = {
					ACAC28EB23497B60008BDC35 = {
						CreatedOnToolsVersion = 11.0;
					};
				};
			};
			buildConfigurationList = ACAC28E723497B60008BDC35 /* Build configuration list for PBXProject "Internet Browser" */;
			compatibilityVersion = "Xcode 9.3";
			developmentRegion = en;
			hasScannedForEncodings = 0;
			knownRegions = (
				en,
				Base,
			);
			mainGroup = ACAC28E323497B60008BDC35;
			productRefGroup = ACAC28ED23497B60008BDC35 /* Products */;
			projectDirPath = "";
			projectRoot = "";
			targets = (
				ACAC28EB23497B60008BDC35 /* Internet Browser */,
			);
		};
/* End PBXProject section */

/* Begin PBXResourcesBuildPhase section */
		ACAC28EA23497B60008BDC35 /* Resources */ = {
			isa = PBXResourcesBuildPhase;
			buildActionMask = 2147483647;
			files = (
				ACAC28FC23497B61008BDC35 /* LaunchScreen.storyboard in Resources */,
				ACAC28F923497B61008BDC35 /* Assets.xcassets in Resources */,
				ACAC28F723497B60008BDC35 /* Main.storyboard in Resources */,
			);
			runOnlyForDeploymentPostprocessing = 0;
		};
/* End PBXResourcesBuildPhase section */

/* Begin PBXSourcesBuildPhase section */
		ACAC28E823497B60008BDC35 /* Sources */ = {
			isa = PBXSourcesBuildPhase;
			buildActionMask = 2147483647;
			files = (
				ACAC28F423497B60008BDC35 /* ViewController.swift in Sources */,
				ACAC28F023497B60008BDC35 /* AppDelegate.swift in Sources */,
				ACAC28F223497B60008BDC35 /* SceneDelegate.swift in Sources */,
			);
			runOnlyForDeploymentPostprocessing = 0;
		};
/* End PBXSourcesBuildPhase section */

/* Begin PBXVariantGroup section */
		ACAC28F523497B60008BDC35 /* Main.storyboard */ = {
			isa = PBXVariantGroup;
			children = (
				ACAC28F623497B60008BDC35 /* Base */,
			);
			name = Main.storyboard;
			sourceTree = "<group>";
		};
		ACAC28FA23497B61008BDC35 /* LaunchScreen.storyboard */ = {
			isa = PBXVariantGroup;
			children = (
				ACAC28FB23497B61008BDC35 /* Base */,
			);
			name = LaunchScreen.storyboard;
			sourceTree = "<group>";
		};
/* End PBXVariantGroup section */

/* Begin XCBuildConfiguration section */
		ACAC28FE23497B61008BDC35 /* Debug */ = {
			isa = XCBuildConfiguration;
			buildSettings = {
				ALWAYS_SEARCH_USER_PATHS = NO;
				CLANG_ANALYZER_NONNULL = YES;
				CLANG_ANALYZER_NUMBER_OBJECT_CONVERSION = YES_AGGRESSIVE;
				CLANG_CXX_LANGUAGE_STANDARD = "gnu++14";
				CLANG_CXX_LIBRARY = "libc++";
				CLANG_ENABLE_MODULES = YES;
				CLANG_ENABLE_OBJC_ARC = YES;
				CLANG_ENABLE_OBJC_WEAK = YES;
				CLANG_WARN_BLOCK_CAPTURE_AUTORELEASING = YES;
				CLANG_WARN_BOOL_CONVERSION = YES;
				CLANG_WARN_COMMA = YES;
				CLANG_WARN_CONSTANT_CONVERSION = YES;
				CLANG_WARN_DEPRECATED_OBJC_IMPLEMENTATIONS = YES;
				CLANG_WARN_DIRECT_OBJC_ISA_USAGE = YES_ERROR;
				CLANG_WARN_DOCUMENTATION_COMMENTS = YES;
				CLANG_WARN_EMPTY_BODY = YES;
				CLANG_WARN_ENUM_CONVERSION = YES;
				CLANG_WARN_INFINITE_RECURSION = YES;
				CLANG_WARN_INT_CONVERSION = YES;
				CLANG_WARN_NON_LITERAL_NULL_CONVERSION = YES;
				CLANG_WARN_OBJC_IMPLICIT_RETAIN_SELF = YES;
				CLANG_WARN_OBJC_LITERAL_CONVERSION = YES;
				CLANG_WARN_OBJC_ROOT_CLASS = YES_ERROR;
				CLANG_WARN_RANGE_LOOP_ANALYSIS = YES;
				CLANG_WARN_STRICT_PROTOTYPES = YES;
				CLANG_WARN_SUSPICIOUS_MOVE = YES;
				CLANG_WARN_UNGUARDED_AVAILABILITY = YES_AGGRESSIVE;
				CLANG_WARN_UNREACHABLE_CODE = YES;
				CLANG_WARN__DUPLICATE_METHOD_MATCH = YES;
				COPY_PHASE_STRIP = NO;
				DEBUG_INFORMATION_FORMAT = dwarf;
				ENABLE_STRICT_OBJC_MSGSEND = YES;
				ENABLE_TESTABILITY = YES;
				GCC_C_LANGUAGE_STANDARD = gnu11;
				GCC_DYNAMIC_NO_PIC = NO;
				GCC_NO_COMMON_BLOCKS = YES;
				GCC_OPTIMIZATION_LEVEL = 0;
				GCC_PREPROCESSOR_DEFINITIONS = (
					"DEBUG=1",
					"$(inherited)",
				);
				GCC_WARN_64_TO_32_BIT_CONVERSION = YES;
				GCC_WARN_ABOUT_RETURN_TYPE = YES_ERROR;
				GCC_WARN_UNDECLARED_SELECTOR = YES;
				GCC_WARN_UNINITIALIZED_AUTOS = YES_AGGRESSIVE;
				GCC_WARN_UNUSED_FUNCTION = YES;
				GCC_WARN_UNUSED_VARIABLE = YES;
				IPHONEOS_DEPLOYMENT_TARGET = 13.0;
				MTL_ENABLE_DEBUG_INFO = INCLUDE_SOURCE;
				MTL_FAST_MATH = YES;
				ONLY_ACTIVE_ARCH = YES;
				SDKROOT = iphoneos;
				SWIFT_ACTIVE_COMPILATION_CONDITIONS = DEBUG;
				SWIFT_OPTIMIZATION_LEVEL = "-Onone";
			};
			name = Debug;
		};
		ACAC28FF23497B61008BDC35 /* Release */ = {
			isa = XCBuildConfiguration;
			buildSettings = {
				ALWAYS_SEARCH_USER_PATHS = NO;
				CLANG_ANALYZER_NONNULL = YES;
				CLANG_ANALYZER_NUMBER_OBJECT_CONVERSION = YES_AGGRESSIVE;
				CLANG_CXX_LANGUAGE_STANDARD = "gnu++14";
				CLANG_CXX_LIBRARY = "libc++";
				CLANG_ENABLE_MODULES = YES;
				CLANG_ENABLE_OBJC_ARC = YES;
				CLANG_ENABLE_OBJC_WEAK = YES;
				CLANG_WARN_BLOCK_CAPTURE_AUTORELEASING = YES;
				CLANG_WARN_BOOL_CONVERSION = YES;
				CLANG_WARN_COMMA = YES;
				CLANG_WARN_CONSTANT_CONVERSION = YES;
				CLANG_WARN_DEPRECATED_OBJC_IMPLEMENTATIONS = YES;
				CLANG_WARN_DIRECT_OBJC_ISA_USAGE = YES_ERROR;
				CLANG_WARN_DOCUMENTATION_COMMENTS = YES;
				CLANG_WARN_EMPTY_BODY = YES;
				CLANG_WARN_ENUM_CONVERSION = YES;
				CLANG_WARN_INFINITE_RECURSION = YES;
				CLANG_WARN_INT_CONVERSION = YES;
				CLANG_WARN_NON_LITERAL_NULL_CONVERSION = YES;
				CLANG_WARN_OBJC_IMPLICIT_RETAIN_SELF = YES;
				CLANG_WARN_OBJC_LITERAL_CONVERSION = YES;
				CLANG_WARN_OBJC_ROOT_CLASS = YES_ERROR;
				CLANG_WARN_RANGE_LOOP_ANALYSIS = YES;
				CLANG_WARN_STRICT_PROTOTYPES = YES;
				CLANG_WARN_SUSPICIOUS_MOVE = YES;
				CLANG_WARN_UNGUARDED_AVAILABILITY = YES_AGGRESSIVE;
				CLANG_WARN_UNREACHABLE_CODE = YES;
				CLANG_WARN__DUPLICATE_METHOD_MATCH = YES;
				COPY_PHASE_STRIP = NO;
				DEBUG_INFORMATION_FORMAT = "dwarf-with-dsym";
				ENABLE_NS_ASSERTIONS = NO;
				ENABLE_STRICT_OBJC_MSGSEND = YES;
				GCC_C_LANGUAGE_STANDARD = gnu11;
				GCC_NO_COMMON_BLOCKS = YES;
				GCC_WARN_64_TO_32_BIT_CONVERSION = YES;
				GCC_WARN_ABOUT_RETURN_TYPE = YES_ERROR;
				GCC_WARN_UNDECLARED_SELECTOR = YES;
				GCC_WARN_UNINITIALIZED_AUTOS = YES_AGGRESSIVE;
				GCC_WARN_UNUSED_FUNCTION = YES;
				GCC_WARN_UNUSED_VARIABLE = YES;
				IPHONEOS_DEPLOYMENT_TARGET = 13.0;
				MTL_ENABLE_DEBUG_INFO = NO;
				MTL_FAST_MATH = YES;
				SDKROOT = iphoneos;
				SWIFT_COMPILATION_MODE = wholemodule;
				SWIFT_OPTIMIZATION_LEVEL = "-O";
				VALIDATE_PRODUCT = YES;
			};
			name = Release;
		};
		ACAC290123497B61008BDC35 /* Debug */ = {
			isa = XCBuildConfiguration;
			buildSettings = {
				ASSETCATALOG_COMPILER_APPICON_NAME = AppIcon;
				CODE_SIGN_STYLE = Automatic;
				DEVELOPMENT_TEAM = EQNJ9FG9YA;
				INFOPLIST_FILE = "Internet Browser/Info.plist";
				LD_RUNPATH_SEARCH_PATHS = (
					"$(inherited)",
					"@executable_path/Frameworks",
				);
				PRODUCT_BUNDLE_IDENTIFIER = "com.digitalmirko.Internet-Browser";
				PRODUCT_NAME = "$(TARGET_NAME)";
				SWIFT_VERSION = 5.0;
				TARGETED_DEVICE_FAMILY = "1,2";
			};
			name = Debug;
		};
		ACAC290223497B61008BDC35 /* Release */ = {
			isa = XCBuildConfiguration;
			buildSettings = {
				ASSETCATALOG_COMPILER_APPICON_NAME = AppIcon;
				CODE_SIGN_STYLE = Automatic;
				DEVELOPMENT_TEAM = EQNJ9FG9YA;
				INFOPLIST_FILE = "Internet Browser/Info.plist";
				LD_RUNPATH_SEARCH_PATHS = (
					"$(inherited)",
					"@executable_path/Frameworks",
				);
				PRODUCT_BUNDLE_IDENTIFIER = "com.digitalmirko.Internet-Browser";
				PRODUCT_NAME = "$(TARGET_NAME)";
				SWIFT_VERSION = 5.0;
				TARGETED_DEVICE_FAMILY = "1,2";
			};
			name = Release;
		};
/* End XCBuildConfiguration section */

/* Begin XCConfigurationList section */
		ACAC28E723497B60008BDC35 /* Build configuration list for PBXProject "Internet Browser" */ = {
			isa = XCConfigurationList;
			buildConfigurations = (
				ACAC28FE23497B61008BDC35 /* Debug */,
				ACAC28FF23497B61008BDC35 /* Release */,
			);
			defaultConfigurationIsVisible = 0;
			defaultConfigurationName = Release;
		};
		ACAC290023497B61008BDC35 /* Build configuration list for PBXNativeTarget "Internet Browser" */ = {
			isa = XCConfigurationList;
			buildConfigurations = (
				ACAC290123497B61008BDC35 /* Debug */,
				ACAC290223497B61008BDC35 /* Release */,
			);
			defaultConfigurationIsVisible = 0;
			defaultConfigurationName = Release;
		};
/* End XCConfigurationList section */
	};
	rootObject = ACAC28E423497B60008BDC35 /* Project object */;
}
